
Microsoft Visual Studio Solution File, Format Version 12.00
# Visual Studio Version 17
VisualStudioVersion = 17.11.35327.3
MinimumVisualStudioVersion = 10.0.40219.1
Project("{FAE04EC0-301F-11D3-BF4B-00C04F79EFBC}") = "EjercicioHerencia", "EjercicioHerencia\EjercicioHerencia.csproj", "{4A0DA091-3D89-44C8-AA21-C946CBC6A794}"
EndProject
Global
	GlobalSection(SolutionConfigurationPlatforms) = preSolution
		Debug|Any CPU = Debug|Any CPU
		Release|Any CPU = Release|Any CPU
	EndGlobalSection
	GlobalSection(ProjectConfigurationPlatforms) = postSolution
		{4A0DA091-3D89-44C8-AA21-C946CBC6A794}.Debug|Any CPU.ActiveCfg = Debug|Any CPU
		{4A0DA091-3D89-44C8-AA21-C946CBC6A794}.Debug|Any CPU.Build.0 = Debug|Any CPU
		{4A0DA091-3D89-44C8-AA21-C946CBC6A794}.Release|Any CPU.ActiveCfg = Release|Any CPU
		{4A0DA091-3D89-44C8-AA21-C946CBC6A794}.Release|Any CPU.Build.0 = Release|Any CPU
	EndGlobalSection
	GlobalSection(SolutionProperties) = preSolution
		HideSolutionNode = FALSE
	EndGlobalSection
	GlobalSection(ExtensibilityGlobals) = postSolution
		SolutionGuid = {0E8B88A8-7B11-4172-9D0D-F5AC812C78C4}
	EndGlobalSection
EndGlobal
